<?xml version="1.0" encoding="utf-8"?>
<Project ToolsVersion="4.0" xmlns="http://schemas.microsoft.com/developer/msbuild/2003">
  <ItemGroup>
    <Filter Include="소스 파일">
      <UniqueIdentifier>{4FC737F1-C7A5-4376-A066-2A32D752A2FF}</UniqueIdentifier>
      <Extensions>cpp;c;cc;cxx;def;odl;idl;hpj;bat;asm;asmx</Extensions>
    </Filter>
    <Filter Include="헤더 파일">
      <UniqueIdentifier>{93995380-89BD-4b04-88EB-625FBE52EBFB}</UniqueIdentifier>
      <Extensions>h;hh;hpp;hxx;hm;inl;inc;xsd</Extensions>
    </Filter>
    <Filter Include="리소스 파일">
      <UniqueIdentifier>{67DA6AB6-F800-4c08-8B7A-83BB121AAD01}</UniqueIdentifier>
      <Extensions>rc;ico;cur;bmp;dlg;rc2;rct;bin;rgs;gif;jpg;jpeg;jpe;resx;tiff;tif;png;wav;mfcribbon-ms</Extensions>
    </Filter>
    <Filter Include="소스 파일\00.MainGame">
      <UniqueIdentifier>{95dddeed-93dd-4ee8-b476-98f7563660a3}</UniqueIdentifier>
    </Filter>
    <Filter Include="소스 파일\01.Obj">
      <UniqueIdentifier>{91504dc3-91e2-47d1-9f1d-f922a1998212}</UniqueIdentifier>
    </Filter>
    <Filter Include="소스 파일\98.Headers">
      <UniqueIdentifier>{b4f145c2-9448-497a-9504-63602f62852b}</UniqueIdentifier>
    </Filter>
    <Filter Include="소스 파일\99.Default">
      <UniqueIdentifier>{41d11e91-2f80-4414-8761-23b8646e3b53}</UniqueIdentifier>
    </Filter>
    <Filter Include="소스 파일\97.Manager">
      <UniqueIdentifier>{cd5c189a-7b95-4f2c-92e5-848d64f5e6c7}</UniqueIdentifier>
    </Filter>
    <Filter Include="소스 파일\01.Obj\00.Player">
      <UniqueIdentifier>{023ef924-ede2-4e57-8686-148a9cc41a18}</UniqueIdentifier>
    </Filter>
    <Filter Include="소스 파일\01.Obj\01.Boss">
      <UniqueIdentifier>{5af94af2-a3e3-4cdd-8c22-2aedbd586e22}</UniqueIdentifier>
    </Filter>
    <Filter Include="소스 파일\97.Manager\00.ObjMgr">
      <UniqueIdentifier>{57f12a2b-528e-48f7-8b5d-1c0231b752ff}</UniqueIdentifier>
    </Filter>
    <Filter Include="소스 파일\97.Manager\01.KeyMgr">
      <UniqueIdentifier>{76f4d0be-9d11-407d-a78e-dbfb3dc68244}</UniqueIdentifier>
    </Filter>
    <Filter Include="소스 파일\97.Manager\02.CollisionMgr">
      <UniqueIdentifier>{fd8a7fe8-3fc0-477f-bc8e-f548d813a6e1}</UniqueIdentifier>
    </Filter>
    <Filter Include="소스 파일\97.Manager\03.BmpMgr">
      <UniqueIdentifier>{853470cc-b9ce-4417-8e25-31f26576a1d1}</UniqueIdentifier>
    </Filter>
    <Filter Include="소스 파일\02.MyBitMap">
      <UniqueIdentifier>{69903aa8-7a60-4b9f-93c7-fd56b7abc45e}</UniqueIdentifier>
    </Filter>
    <Filter Include="소스 파일\01.Obj\02.Bullet">
      <UniqueIdentifier>{fadccbb7-71c6-42d6-831f-fbcda8a474db}</UniqueIdentifier>
    </Filter>
    <Filter Include="소스 파일\01.Obj\02.Bullet\00.PlayerBullet">
      <UniqueIdentifier>{109493b8-640a-4e3a-a4a7-b2ab5156b149}</UniqueIdentifier>
    </Filter>
    <Filter Include="소스 파일\01.Obj\01.Boss\00.Boss00">
      <UniqueIdentifier>{01067918-200a-45a6-af29-86d67dc6aa5e}</UniqueIdentifier>
    </Filter>
    <Filter Include="소스 파일\01.Obj\01.Boss\01.Boss01">
      <UniqueIdentifier>{42f3fb98-538f-456b-893e-849c91d4a2d6}</UniqueIdentifier>
    </Filter>
    <Filter Include="소스 파일\01.Obj\01.Boss\02.Boss02">
      <UniqueIdentifier>{313bccf7-5e7f-4465-a689-1dc01e6c815b}</UniqueIdentifier>
    </Filter>
  </ItemGroup>
  <ItemGroup>
    <Text Include="ReadMe.txt" />
  </ItemGroup>
  <ItemGroup>
    <ClInclude Include="stdafx.h">
      <Filter>헤더 파일</Filter>
    </ClInclude>
    <ClInclude Include="targetver.h">
      <Filter>소스 파일\99.Default</Filter>
    </ClInclude>
    <ClInclude Include="Shooting2.h">
      <Filter>소스 파일\99.Default</Filter>
    </ClInclude>
    <ClInclude Include="Resource.h">
      <Filter>소스 파일\99.Default</Filter>
    </ClInclude>
    <ClInclude Include="MainGame.h">
      <Filter>소스 파일\00.MainGame</Filter>
    </ClInclude>
    <ClInclude Include="Obj.h">
      <Filter>소스 파일\01.Obj</Filter>
    </ClInclude>
    <ClInclude Include="Player.h">
      <Filter>소스 파일\01.Obj\00.Player</Filter>
    </ClInclude>
    <ClInclude Include="Boss.h">
      <Filter>소스 파일\01.Obj\01.Boss</Filter>
    </ClInclude>
    <ClInclude Include="Include.h">
      <Filter>헤더 파일</Filter>
    </ClInclude>
    <ClInclude Include="ObjMgr.h">
      <Filter>소스 파일\97.Manager\00.ObjMgr</Filter>
    </ClInclude>
    <ClInclude Include="KeyMgr.h">
      <Filter>소스 파일\97.Manager\01.KeyMgr</Filter>
    </ClInclude>
    <ClInclude Include="CollisionMgr.h">
      <Filter>소스 파일\97.Manager\02.CollisionMgr</Filter>
    </ClInclude>
    <ClInclude Include="BmpMgr.h">
      <Filter>소스 파일\97.Manager\03.BmpMgr</Filter>
    </ClInclude>
    <ClInclude Include="AbstractFactory.h">
      <Filter>소스 파일\98.Headers</Filter>
    </ClInclude>
    <ClInclude Include="Define.h">
      <Filter>소스 파일\98.Headers</Filter>
    </ClInclude>
    <ClInclude Include="Enum.h">
      <Filter>소스 파일\98.Headers</Filter>
    </ClInclude>
    <ClInclude Include="Extern.h">
      <Filter>소스 파일\98.Headers</Filter>
    </ClInclude>
    <ClInclude Include="Function.h">
      <Filter>소스 파일\98.Headers</Filter>
    </ClInclude>
    <ClInclude Include="Functor.h">
      <Filter>소스 파일\98.Headers</Filter>
    </ClInclude>
    <ClInclude Include="Struct.h">
      <Filter>소스 파일\98.Headers</Filter>
    </ClInclude>
    <ClInclude Include="MyBitmap.h">
      <Filter>소스 파일\02.MyBitMap</Filter>
    </ClInclude>
    <ClInclude Include="Bullet.h">
      <Filter>소스 파일\01.Obj\02.Bullet</Filter>
    </ClInclude>
    <ClInclude Include="Boss01.h">
      <Filter>소스 파일\01.Obj\01.Boss\01.Boss01</Filter>
    </ClInclude>
    <ClInclude Include="PlayerBullet.h">
      <Filter>소스 파일\01.Obj\02.Bullet\00.PlayerBullet</Filter>
    </ClInclude>
  </ItemGroup>
  <ItemGroup>
    <ClCompile Include="Shooting2.cpp">
      <Filter>소스 파일</Filter>
    </ClCompile>
    <ClCompile Include="stdafx.cpp">
      <Filter>소스 파일\99.Default</Filter>
    </ClCompile>
    <ClCompile Include="MainGame.cpp">
      <Filter>소스 파일\00.MainGame</Filter>
    </ClCompile>
    <ClCompile Include="Obj.cpp">
      <Filter>소스 파일\01.Obj</Filter>
    </ClCompile>
    <ClCompile Include="Player.cpp">
      <Filter>소스 파일\01.Obj\00.Player</Filter>
    </ClCompile>
    <ClCompile Include="Boss.cpp">
      <Filter>소스 파일\01.Obj\01.Boss</Filter>
    </ClCompile>
    <ClCompile Include="ObjMgr.cpp">
      <Filter>소스 파일\97.Manager\00.ObjMgr</Filter>
    </ClCompile>
    <ClCompile Include="KeyMgr.cpp">
      <Filter>소스 파일\97.Manager\01.KeyMgr</Filter>
    </ClCompile>
    <ClCompile Include="CollisionMgr.cpp">
      <Filter>소스 파일\97.Manager\02.CollisionMgr</Filter>
    </ClCompile>
    <ClCompile Include="BmpMgr.cpp">
      <Filter>소스 파일\97.Manager\03.BmpMgr</Filter>
    </ClCompile>
    <ClCompile Include="MyBitmap.cpp">
      <Filter>소스 파일\02.MyBitMap</Filter>
    </ClCompile>
    <ClCompile Include="Bullet.cpp">
      <Filter>소스 파일\01.Obj\02.Bullet</Filter>
    </ClCompile>
    <ClCompile Include="Boss01.cpp">
      <Filter>소스 파일\01.Obj\01.Boss\01.Boss01</Filter>
    </ClCompile>
    <ClCompile Include="PlayerBullet.cpp">
      <Filter>소스 파일\01.Obj\02.Bullet\00.PlayerBullet</Filter>
    </ClCompile>
  </ItemGroup>
  <ItemGroup>
    <ResourceCompile Include="Shooting2.rc">
      <Filter>리소스 파일</Filter>
    </ResourceCompile>
  </ItemGroup>
  <ItemGroup>
    <Image Include="small.ico">
      <Filter>리소스 파일</Filter>
    </Image>
    <Image Include="Shooting2.ico">
      <Filter>리소스 파일</Filter>
    </Image>
  </ItemGroup>
</Project>